
Microsoft Visual Studio Solution File, Format Version 11.00
# Visual Studio 2010
Project("{FAE04EC0-301F-11D3-BF4B-00C04F79EFBC}") = "Chinchkar", "Chinchkar\Chinchkar.csproj", "{B00AC561-AE6E-4458-B462-19BF249D90C8}"
EndProject
Project("{FAE04EC0-301F-11D3-BF4B-00C04F79EFBC}") = "ChinchkarDAL", "ChinchkarDAL\ChinchkarDAL.csproj", "{CBFADD94-6324-4EF6-BBC4-BF1373BBAB7D}"
EndProject
Global
	GlobalSection(SolutionConfigurationPlatforms) = preSolution
		Debug|Any CPU = Debug|Any CPU
		Release|Any CPU = Release|Any CPU
	EndGlobalSection
	GlobalSection(ProjectConfigurationPlatforms) = postSolution
		{B00AC561-AE6E-4458-B462-19BF249D90C8}.Debug|Any CPU.ActiveCfg = Debug|Any CPU
		{B00AC561-AE6E-4458-B462-19BF249D90C8}.Debug|Any CPU.Build.0 = Debug|Any CPU
		{B00AC561-AE6E-4458-B462-19BF249D90C8}.Release|Any CPU.ActiveCfg = Release|Any CPU
		{B00AC561-AE6E-4458-B462-19BF249D90C8}.Release|Any CPU.Build.0 = Release|Any CPU
		{CBFADD94-6324-4EF6-BBC4-BF1373BBAB7D}.Debug|Any CPU.ActiveCfg = Debug|Any CPU
		{CBFADD94-6324-4EF6-BBC4-BF1373BBAB7D}.Debug|Any CPU.Build.0 = Debug|Any CPU
		{CBFADD94-6324-4EF6-BBC4-BF1373BBAB7D}.Release|Any CPU.ActiveCfg = Release|Any CPU
		{CBFADD94-6324-4EF6-BBC4-BF1373BBAB7D}.Release|Any CPU.Build.0 = Release|Any CPU
	EndGlobalSection
	GlobalSection(SolutionProperties) = preSolution
		HideSolutionNode = FALSE
	EndGlobalSection
EndGlobal
